
Microsoft Visual Studio Solution File, Format Version 12.00
# Visual Studio Version 17
VisualStudioVersion = 17.8.34408.163
MinimumVisualStudioVersion = 10.0.40219.1
Project("{FAE04EC0-301F-11D3-BF4B-00C04F79EFBC}") = "RESTAPI", "RESTAPI\RESTAPI.csproj", "{6D73F81C-F335-41B8-A66F-C3CFED23BA4E}"
EndProject
Project("{FAE04EC0-301F-11D3-BF4B-00C04F79EFBC}") = "MinimulAPI", "MinimulAPI\MinimulAPI.csproj", "{B95FD6D7-F515-4D13-9EFC-C7DF34C884A2}"
EndProject
Project("{FAE04EC0-301F-11D3-BF4B-00C04F79EFBC}") = "GrpcServicePOC", "GrpcServicePOC\GrpcServicePOC.csproj", "{F9B67F17-9598-4DFB-A17A-644D56C20D4B}"
EndProject
Project("{FAE04EC0-301F-11D3-BF4B-00C04F79EFBC}") = "GrpcClient", "GrpcClient\GrpcClient.csproj", "{64641933-A85B-4381-80B6-ACD5342C6B41}"
EndProject
Project("{FAE04EC0-301F-11D3-BF4B-00C04F79EFBC}") = "SignalRServer", "..\SignalRServer\SignalRServer.csproj", "{D72D3096-BBBF-42A0-BFA1-D226C247A281}"
EndProject
Project("{FAE04EC0-301F-11D3-BF4B-00C04F79EFBC}") = "APIVersionPOC", "..\APIVersionPOC\APIVersionPOC.csproj", "{12ACE732-5E03-4A58-A340-8EDC9231E3E5}"
EndProject
Global
	GlobalSection(SolutionConfigurationPlatforms) = preSolution
		Debug|Any CPU = Debug|Any CPU
		Release|Any CPU = Release|Any CPU
	EndGlobalSection
	GlobalSection(ProjectConfigurationPlatforms) = postSolution
		{6D73F81C-F335-41B8-A66F-C3CFED23BA4E}.Debug|Any CPU.ActiveCfg = Debug|Any CPU
		{6D73F81C-F335-41B8-A66F-C3CFED23BA4E}.Debug|Any CPU.Build.0 = Debug|Any CPU
		{6D73F81C-F335-41B8-A66F-C3CFED23BA4E}.Release|Any CPU.ActiveCfg = Release|Any CPU
		{6D73F81C-F335-41B8-A66F-C3CFED23BA4E}.Release|Any CPU.Build.0 = Release|Any CPU
		{B95FD6D7-F515-4D13-9EFC-C7DF34C884A2}.Debug|Any CPU.ActiveCfg = Debug|Any CPU
		{B95FD6D7-F515-4D13-9EFC-C7DF34C884A2}.Debug|Any CPU.Build.0 = Debug|Any CPU
		{B95FD6D7-F515-4D13-9EFC-C7DF34C884A2}.Release|Any CPU.ActiveCfg = Release|Any CPU
		{B95FD6D7-F515-4D13-9EFC-C7DF34C884A2}.Release|Any CPU.Build.0 = Release|Any CPU
		{F9B67F17-9598-4DFB-A17A-644D56C20D4B}.Debug|Any CPU.ActiveCfg = Debug|Any CPU
		{F9B67F17-9598-4DFB-A17A-644D56C20D4B}.Debug|Any CPU.Build.0 = Debug|Any CPU
		{F9B67F17-9598-4DFB-A17A-644D56C20D4B}.Release|Any CPU.ActiveCfg = Release|Any CPU
		{F9B67F17-9598-4DFB-A17A-644D56C20D4B}.Release|Any CPU.Build.0 = Release|Any CPU
		{64641933-A85B-4381-80B6-ACD5342C6B41}.Debug|Any CPU.ActiveCfg = Debug|Any CPU
		{64641933-A85B-4381-80B6-ACD5342C6B41}.Debug|Any CPU.Build.0 = Debug|Any CPU
		{64641933-A85B-4381-80B6-ACD5342C6B41}.Release|Any CPU.ActiveCfg = Release|Any CPU
		{64641933-A85B-4381-80B6-ACD5342C6B41}.Release|Any CPU.Build.0 = Release|Any CPU
		{D72D3096-BBBF-42A0-BFA1-D226C247A281}.Debug|Any CPU.ActiveCfg = Debug|Any CPU
		{D72D3096-BBBF-42A0-BFA1-D226C247A281}.Debug|Any CPU.Build.0 = Debug|Any CPU
		{D72D3096-BBBF-42A0-BFA1-D226C247A281}.Release|Any CPU.ActiveCfg = Release|Any CPU
		{D72D3096-BBBF-42A0-BFA1-D226C247A281}.Release|Any CPU.Build.0 = Release|Any CPU
		{12ACE732-5E03-4A58-A340-8EDC9231E3E5}.Debug|Any CPU.ActiveCfg = Debug|Any CPU
		{12ACE732-5E03-4A58-A340-8EDC9231E3E5}.Debug|Any CPU.Build.0 = Debug|Any CPU
		{12ACE732-5E03-4A58-A340-8EDC9231E3E5}.Release|Any CPU.ActiveCfg = Release|Any CPU
		{12ACE732-5E03-4A58-A340-8EDC9231E3E5}.Release|Any CPU.Build.0 = Release|Any CPU
	EndGlobalSection
	GlobalSection(SolutionProperties) = preSolution
		HideSolutionNode = FALSE
	EndGlobalSection
	GlobalSection(ExtensibilityGlobals) = postSolution
		SolutionGuid = {29A997D7-5305-4085-AF0B-5D38308AC8B4}
	EndGlobalSection
EndGlobal
